
Microsoft Visual Studio Solution File, Format Version 12.00
# Visual Studio Version 16
VisualStudioVersion = 16.0.32413.511
MinimumVisualStudioVersion = 10.0.40219.1
Project("{2150E333-8FDC-42A3-9474-1A3956D46DE8}") = "Task0", "Task0", "{676A66B3-4C69-4E74-9F26-5A54CE2BF4FC}"
EndProject
Project("{FAE04EC0-301F-11D3-BF4B-00C04F79EFBC}") = "Tyuiu.NikolaevaAN.Sprint3.Task0.V15", "Tyuiu.NikolaevaAN.Sprint3.Task0.V15\Tyuiu.NikolaevaAN.Sprint3.Task0.V15.csproj", "{1A28AC20-1A39-4D3F-A41A-D018C3DA0121}"
EndProject
Project("{FAE04EC0-301F-11D3-BF4B-00C04F79EFBC}") = "Tyuiu.NikolaevaAN.Sprint3.Task0.V15.Lib", "Tyuiu.NikolaevaAN.Sprint3.Task0.V15.Lib\Tyuiu.NikolaevaAN.Sprint3.Task0.V15.Lib.csproj", "{BAB2F867-DFB5-495D-B055-1DB1072BBC78}"
EndProject
Project("{FAE04EC0-301F-11D3-BF4B-00C04F79EFBC}") = "Tyuiu.NikolaevaAN.Sprint3.Task0.V15.Test", "Tyuiu.NikolaevaAN.Sprint3.Task0.V15.Test\Tyuiu.NikolaevaAN.Sprint3.Task0.V15.Test.csproj", "{2EDB50DE-5A1A-47D9-B8A0-A659E181F395}"
EndProject
Project("{2150E333-8FDC-42A3-9474-1A3956D46DE8}") = "Task1", "Task1", "{F260BCF8-9BB5-4111-9397-5CD9F705C882}"
EndProject
Project("{FAE04EC0-301F-11D3-BF4B-00C04F79EFBC}") = "Tyuiu.NikolaevaAN.Sprint3.Task1.V16", "Tyuiu.NikolaevaAN.Sprint3.Task1.V16\Tyuiu.NikolaevaAN.Sprint3.Task1.V16.csproj", "{5339ED84-BA99-42FA-831F-DD17399CCC93}"
EndProject
Project("{FAE04EC0-301F-11D3-BF4B-00C04F79EFBC}") = "Tyuiu.NikolaevaAN.Sprint3.Task1.V16.Lib", "Tyuiu.NikolaevaAN.Sprint3.Task1.V16.Lib\Tyuiu.NikolaevaAN.Sprint3.Task1.V16.Lib.csproj", "{68272488-A9E5-4ECB-99B2-E46113B40723}"
EndProject
Project("{FAE04EC0-301F-11D3-BF4B-00C04F79EFBC}") = "Tyuiu.NikolaevaAN.Sprint3.Task1.V16.Test", "Tyuiu.NikolaevaAN.Sprint3.Task1.V16.Test\Tyuiu.NikolaevaAN.Sprint3.Task1.V16.Test.csproj", "{1078ABD9-6108-4D8B-8DCD-ECDBBA720D2C}"
EndProject
Project("{2150E333-8FDC-42A3-9474-1A3956D46DE8}") = "Task2", "Task2", "{949792BA-FD2B-4E92-AC12-2AB2789A0F04}"
EndProject
Project("{FAE04EC0-301F-11D3-BF4B-00C04F79EFBC}") = "Tyuiu.NikolaevaAN.Sprint3.Task2.V15", "Tyuiu.NikolaevaAN.Sprint3.Task2.V15\Tyuiu.NikolaevaAN.Sprint3.Task2.V15.csproj", "{3E29C3C1-50C9-4AE6-9B3E-019C1DBF71AF}"
EndProject
Project("{FAE04EC0-301F-11D3-BF4B-00C04F79EFBC}") = "Tyuiu.NikolaevaAN.Sprint3.Task2.V15.Lib", "Tyuiu.NikolaevaAN.Sprint3.Task2.V15.Lib\Tyuiu.NikolaevaAN.Sprint3.Task2.V15.Lib.csproj", "{61D654A9-5D0A-4EAF-BEAB-07A0345BD215}"
EndProject
Project("{FAE04EC0-301F-11D3-BF4B-00C04F79EFBC}") = "Tyuiu.NikolaevaAN.Sprint3.Task2.V15.Test", "Tyuiu.NikolaevaAN.Sprint3.Task2.V15.Test\Tyuiu.NikolaevaAN.Sprint3.Task2.V15.Test.csproj", "{3A2E637D-7FAB-4E6A-B5EF-847A96A3366C}"
EndProject
Global
	GlobalSection(SolutionConfigurationPlatforms) = preSolution
		Debug|Any CPU = Debug|Any CPU
		Release|Any CPU = Release|Any CPU
	EndGlobalSection
	GlobalSection(ProjectConfigurationPlatforms) = postSolution
		{1A28AC20-1A39-4D3F-A41A-D018C3DA0121}.Debug|Any CPU.ActiveCfg = Debug|Any CPU
		{1A28AC20-1A39-4D3F-A41A-D018C3DA0121}.Debug|Any CPU.Build.0 = Debug|Any CPU
		{1A28AC20-1A39-4D3F-A41A-D018C3DA0121}.Release|Any CPU.ActiveCfg = Release|Any CPU
		{1A28AC20-1A39-4D3F-A41A-D018C3DA0121}.Release|Any CPU.Build.0 = Release|Any CPU
		{BAB2F867-DFB5-495D-B055-1DB1072BBC78}.Debug|Any CPU.ActiveCfg = Debug|Any CPU
		{BAB2F867-DFB5-495D-B055-1DB1072BBC78}.Debug|Any CPU.Build.0 = Debug|Any CPU
		{BAB2F867-DFB5-495D-B055-1DB1072BBC78}.Release|Any CPU.ActiveCfg = Release|Any CPU
		{BAB2F867-DFB5-495D-B055-1DB1072BBC78}.Release|Any CPU.Build.0 = Release|Any CPU
		{2EDB50DE-5A1A-47D9-B8A0-A659E181F395}.Debug|Any CPU.ActiveCfg = Debug|Any CPU
		{2EDB50DE-5A1A-47D9-B8A0-A659E181F395}.Debug|Any CPU.Build.0 = Debug|Any CPU
		{2EDB50DE-5A1A-47D9-B8A0-A659E181F395}.Release|Any CPU.ActiveCfg = Release|Any CPU
		{2EDB50DE-5A1A-47D9-B8A0-A659E181F395}.Release|Any CPU.Build.0 = Release|Any CPU
		{5339ED84-BA99-42FA-831F-DD17399CCC93}.Debug|Any CPU.ActiveCfg = Debug|Any CPU
		{5339ED84-BA99-42FA-831F-DD17399CCC93}.Debug|Any CPU.Build.0 = Debug|Any CPU
		{5339ED84-BA99-42FA-831F-DD17399CCC93}.Release|Any CPU.ActiveCfg = Release|Any CPU
		{5339ED84-BA99-42FA-831F-DD17399CCC93}.Release|Any CPU.Build.0 = Release|Any CPU
		{68272488-A9E5-4ECB-99B2-E46113B40723}.Debug|Any CPU.ActiveCfg = Debug|Any CPU
		{68272488-A9E5-4ECB-99B2-E46113B40723}.Debug|Any CPU.Build.0 = Debug|Any CPU
		{68272488-A9E5-4ECB-99B2-E46113B40723}.Release|Any CPU.ActiveCfg = Release|Any CPU
		{68272488-A9E5-4ECB-99B2-E46113B40723}.Release|Any CPU.Build.0 = Release|Any CPU
		{1078ABD9-6108-4D8B-8DCD-ECDBBA720D2C}.Debug|Any CPU.ActiveCfg = Debug|Any CPU
		{1078ABD9-6108-4D8B-8DCD-ECDBBA720D2C}.Debug|Any CPU.Build.0 = Debug|Any CPU
		{1078ABD9-6108-4D8B-8DCD-ECDBBA720D2C}.Release|Any CPU.ActiveCfg = Release|Any CPU
		{1078ABD9-6108-4D8B-8DCD-ECDBBA720D2C}.Release|Any CPU.Build.0 = Release|Any CPU
		{3E29C3C1-50C9-4AE6-9B3E-019C1DBF71AF}.Debug|Any CPU.ActiveCfg = Debug|Any CPU
		{3E29C3C1-50C9-4AE6-9B3E-019C1DBF71AF}.Debug|Any CPU.Build.0 = Debug|Any CPU
		{3E29C3C1-50C9-4AE6-9B3E-019C1DBF71AF}.Release|Any CPU.ActiveCfg = Release|Any CPU
		{3E29C3C1-50C9-4AE6-9B3E-019C1DBF71AF}.Release|Any CPU.Build.0 = Release|Any CPU
		{61D654A9-5D0A-4EAF-BEAB-07A0345BD215}.Debug|Any CPU.ActiveCfg = Debug|Any CPU
		{61D654A9-5D0A-4EAF-BEAB-07A0345BD215}.Debug|Any CPU.Build.0 = Debug|Any CPU
		{61D654A9-5D0A-4EAF-BEAB-07A0345BD215}.Release|Any CPU.ActiveCfg = Release|Any CPU
		{61D654A9-5D0A-4EAF-BEAB-07A0345BD215}.Release|Any CPU.Build.0 = Release|Any CPU
		{3A2E637D-7FAB-4E6A-B5EF-847A96A3366C}.Debug|Any CPU.ActiveCfg = Debug|Any CPU
		{3A2E637D-7FAB-4E6A-B5EF-847A96A3366C}.Debug|Any CPU.Build.0 = Debug|Any CPU
		{3A2E637D-7FAB-4E6A-B5EF-847A96A3366C}.Release|Any CPU.ActiveCfg = Release|Any CPU
		{3A2E637D-7FAB-4E6A-B5EF-847A96A3366C}.Release|Any CPU.Build.0 = Release|Any CPU
	EndGlobalSection
	GlobalSection(SolutionProperties) = preSolution
		HideSolutionNode = FALSE
	EndGlobalSection
	GlobalSection(NestedProjects) = preSolution
		{1A28AC20-1A39-4D3F-A41A-D018C3DA0121} = {676A66B3-4C69-4E74-9F26-5A54CE2BF4FC}
		{BAB2F867-DFB5-495D-B055-1DB1072BBC78} = {676A66B3-4C69-4E74-9F26-5A54CE2BF4FC}
		{2EDB50DE-5A1A-47D9-B8A0-A659E181F395} = {676A66B3-4C69-4E74-9F26-5A54CE2BF4FC}
		{5339ED84-BA99-42FA-831F-DD17399CCC93} = {F260BCF8-9BB5-4111-9397-5CD9F705C882}
		{68272488-A9E5-4ECB-99B2-E46113B40723} = {F260BCF8-9BB5-4111-9397-5CD9F705C882}
		{1078ABD9-6108-4D8B-8DCD-ECDBBA720D2C} = {F260BCF8-9BB5-4111-9397-5CD9F705C882}
		{3E29C3C1-50C9-4AE6-9B3E-019C1DBF71AF} = {949792BA-FD2B-4E92-AC12-2AB2789A0F04}
		{61D654A9-5D0A-4EAF-BEAB-07A0345BD215} = {949792BA-FD2B-4E92-AC12-2AB2789A0F04}
		{3A2E637D-7FAB-4E6A-B5EF-847A96A3366C} = {949792BA-FD2B-4E92-AC12-2AB2789A0F04}
	EndGlobalSection
	GlobalSection(ExtensibilityGlobals) = postSolution
		SolutionGuid = {35D570D7-A201-4EBF-BBC7-55D267DEFD84}
	EndGlobalSection
EndGlobal
