
Microsoft Visual Studio Solution File, Format Version 12.00
# Visual Studio Version 16
VisualStudioVersion = 16.0.32413.511
MinimumVisualStudioVersion = 10.0.40219.1
Project("{2150E333-8FDC-42A3-9474-1A3956D46DE8}") = "Task0", "Task0", "{676A66B3-4C69-4E74-9F26-5A54CE2BF4FC}"
EndProject
Project("{FAE04EC0-301F-11D3-BF4B-00C04F79EFBC}") = "Tyuiu.NikolaevaAN.Sprint3.Task0.V15", "Tyuiu.NikolaevaAN.Sprint3.Task0.V15\Tyuiu.NikolaevaAN.Sprint3.Task0.V15.csproj", "{1A28AC20-1A39-4D3F-A41A-D018C3DA0121}"
EndProject
Project("{FAE04EC0-301F-11D3-BF4B-00C04F79EFBC}") = "Tyuiu.NikolaevaAN.Sprint3.Task0.V15.Lib", "Tyuiu.NikolaevaAN.Sprint3.Task0.V15.Lib\Tyuiu.NikolaevaAN.Sprint3.Task0.V15.Lib.csproj", "{BAB2F867-DFB5-495D-B055-1DB1072BBC78}"
EndProject
Project("{FAE04EC0-301F-11D3-BF4B-00C04F79EFBC}") = "Tyuiu.NikolaevaAN.Sprint3.Task0.V15.Test", "Tyuiu.NikolaevaAN.Sprint3.Task0.V15.Test\Tyuiu.NikolaevaAN.Sprint3.Task0.V15.Test.csproj", "{2EDB50DE-5A1A-47D9-B8A0-A659E181F395}"
EndProject
Project("{2150E333-8FDC-42A3-9474-1A3956D46DE8}") = "Task1", "Task1", "{F260BCF8-9BB5-4111-9397-5CD9F705C882}"
EndProject
Project("{FAE04EC0-301F-11D3-BF4B-00C04F79EFBC}") = "Tyuiu.NikolaevaAN.Sprint3.Task1.V16", "Tyuiu.NikolaevaAN.Sprint3.Task1.V16\Tyuiu.NikolaevaAN.Sprint3.Task1.V16.csproj", "{5339ED84-BA99-42FA-831F-DD17399CCC93}"
EndProject
Project("{FAE04EC0-301F-11D3-BF4B-00C04F79EFBC}") = "Tyuiu.NikolaevaAN.Sprint3.Task1.V16.Lib", "Tyuiu.NikolaevaAN.Sprint3.Task1.V16.Lib\Tyuiu.NikolaevaAN.Sprint3.Task1.V16.Lib.csproj", "{68272488-A9E5-4ECB-99B2-E46113B40723}"
EndProject
Project("{FAE04EC0-301F-11D3-BF4B-00C04F79EFBC}") = "Tyuiu.NikolaevaAN.Sprint3.Task1.V16.Test", "Tyuiu.NikolaevaAN.Sprint3.Task1.V16.Test\Tyuiu.NikolaevaAN.Sprint3.Task1.V16.Test.csproj", "{1078ABD9-6108-4D8B-8DCD-ECDBBA720D2C}"
EndProject
Project("{2150E333-8FDC-42A3-9474-1A3956D46DE8}") = "Task2", "Task2", "{949792BA-FD2B-4E92-AC12-2AB2789A0F04}"
EndProject
Project("{FAE04EC0-301F-11D3-BF4B-00C04F79EFBC}") = "Tyuiu.NikolaevaAN.Sprint3.Task2.V15", "Tyuiu.NikolaevaAN.Sprint3.Task2.V15\Tyuiu.NikolaevaAN.Sprint3.Task2.V15.csproj", "{3E29C3C1-50C9-4AE6-9B3E-019C1DBF71AF}"
EndProject
Project("{FAE04EC0-301F-11D3-BF4B-00C04F79EFBC}") = "Tyuiu.NikolaevaAN.Sprint3.Task2.V15.Lib", "Tyuiu.NikolaevaAN.Sprint3.Task2.V15.Lib\Tyuiu.NikolaevaAN.Sprint3.Task2.V15.Lib.csproj", "{61D654A9-5D0A-4EAF-BEAB-07A0345BD215}"
EndProject
Project("{FAE04EC0-301F-11D3-BF4B-00C04F79EFBC}") = "Tyuiu.NikolaevaAN.Sprint3.Task2.V15.Test", "Tyuiu.NikolaevaAN.Sprint3.Task2.V15.Test\Tyuiu.NikolaevaAN.Sprint3.Task2.V15.Test.csproj", "{3A2E637D-7FAB-4E6A-B5EF-847A96A3366C}"
EndProject
Project("{2150E333-8FDC-42A3-9474-1A3956D46DE8}") = "Task3", "Task3", "{9B685C69-30E8-4F1A-8824-C02304212B25}"
EndProject
Project("{FAE04EC0-301F-11D3-BF4B-00C04F79EFBC}") = "Tyuiu.NikolaevaAN.Sprint3.Task3.V29", "Tyuiu.NikolaevaAN.Sprint3.Task3.V29\Tyuiu.NikolaevaAN.Sprint3.Task3.V29.csproj", "{76BD1945-C928-46B3-A530-74D8C8383D40}"
EndProject
Project("{FAE04EC0-301F-11D3-BF4B-00C04F79EFBC}") = "Tyuiu.NikolaevaAN.Sprint3.Task3.V29.Lib", "Tyuiu.NikolaevaAN.Sprint3.Task3.V29.Lib\Tyuiu.NikolaevaAN.Sprint3.Task3.V29.Lib.csproj", "{B8CA421A-B135-4B07-8B06-5CB19E09F451}"
EndProject
Project("{FAE04EC0-301F-11D3-BF4B-00C04F79EFBC}") = "Tyuiu.NikolaevaAN.Sprint3.Task3.V29.Test", "Tyuiu.NikolaevaAN.Sprint3.Task3.V29.Test\Tyuiu.NikolaevaAN.Sprint3.Task3.V29.Test.csproj", "{909BB18C-8DC6-4E89-991A-66B65A6EEC06}"
EndProject
Project("{2150E333-8FDC-42A3-9474-1A3956D46DE8}") = "Task4", "Task4", "{6CFB98A1-CC4E-4C92-A79F-36E40F07F077}"
EndProject
Project("{FAE04EC0-301F-11D3-BF4B-00C04F79EFBC}") = "Tyuiu.NikolaevaAN.Sprint3.Task4.V13", "Tyuiu.NikolaevaAN.Sprint3.Task4.V13\Tyuiu.NikolaevaAN.Sprint3.Task4.V13.csproj", "{6CDEFEFF-180A-4A8F-A66F-17AB45E2B463}"
EndProject
Project("{FAE04EC0-301F-11D3-BF4B-00C04F79EFBC}") = "Tyuiu.NikolaevaAN.Sprint3.Task4.V13.Lib", "Tyuiu.NikolaevaAN.Sprint3.Task4.V13.Lib\Tyuiu.NikolaevaAN.Sprint3.Task4.V13.Lib.csproj", "{433A9BBC-5095-482C-9CB2-573EFC5784B5}"
EndProject
Project("{FAE04EC0-301F-11D3-BF4B-00C04F79EFBC}") = "Tyuiu.NikolaevaAN.Sprint3.Task4.V13.Test", "Tyuiu.NikolaevaAN.Sprint3.Task4.V13.Test\Tyuiu.NikolaevaAN.Sprint3.Task4.V13.Test.csproj", "{3BEB3239-6E3A-4F98-BF8B-0D6434517F42}"
EndProject
Project("{2150E333-8FDC-42A3-9474-1A3956D46DE8}") = "Task5", "Task5", "{A4925D57-779F-4E5F-A0B8-0A2B9D4B5162}"
EndProject
Project("{FAE04EC0-301F-11D3-BF4B-00C04F79EFBC}") = "Tyuiu.NikolaevaAN.Sprint3.Task5.V8", "Tyuiu.NikolaevaAN.Sprint3.Task5.V8\Tyuiu.NikolaevaAN.Sprint3.Task5.V8.csproj", "{052BF83F-1FA2-4FB2-9EBE-407CF7D54047}"
EndProject
Project("{FAE04EC0-301F-11D3-BF4B-00C04F79EFBC}") = "Tyuiu.NikolaevaAN.Sprint3.Task5.V8.Lib", "Tyuiu.NikolaevaAN.Sprint3.Task5.V8.Lib\Tyuiu.NikolaevaAN.Sprint3.Task5.V8.Lib.csproj", "{520A3A37-C4E4-414A-8709-0063287C9236}"
EndProject
Project("{FAE04EC0-301F-11D3-BF4B-00C04F79EFBC}") = "Tyuiu.NikolaevaAN.Sprint3.Task5.V8.Test", "Tyuiu.NikolaevaAN.Sprint3.Task5.V8.Test\Tyuiu.NikolaevaAN.Sprint3.Task5.V8.Test.csproj", "{70BB4337-8B29-4DF2-A635-0C9EECA18AD1}"
EndProject
Project("{2150E333-8FDC-42A3-9474-1A3956D46DE8}") = "Task6", "Task6", "{7C38ED41-8465-49A4-AC6F-8335317659CA}"
EndProject
Project("{FAE04EC0-301F-11D3-BF4B-00C04F79EFBC}") = "Tyuiu.NikolaevaAN.Sprint3.Task6.V12", "Tyuiu.NikolaevaAN.Sprint3.Task6.V12\Tyuiu.NikolaevaAN.Sprint3.Task6.V12.csproj", "{BBE1FA3F-A28A-41EA-BB7E-0400B9B66DAA}"
EndProject
Project("{FAE04EC0-301F-11D3-BF4B-00C04F79EFBC}") = "Tyuiu.NikolaevaAN.Sprint3.Task6.V12.Lib", "Tyuiu.NikolaevaAN.Sprint3.Task6.V12.Lib\Tyuiu.NikolaevaAN.Sprint3.Task6.V12.Lib.csproj", "{B8A2B210-1F14-446E-8CEF-BCFC87736790}"
EndProject
Project("{FAE04EC0-301F-11D3-BF4B-00C04F79EFBC}") = "Tyuiu.NikolaevaAN.Sprint3.Task6.V12.Test", "Tyuiu.NikolaevaAN.Sprint3.Task6.V12.Test\Tyuiu.NikolaevaAN.Sprint3.Task6.V12.Test.csproj", "{A9655A58-DD4E-4ED3-A11E-F02A9CEF24F9}"
EndProject
Global
	GlobalSection(SolutionConfigurationPlatforms) = preSolution
		Debug|Any CPU = Debug|Any CPU
		Release|Any CPU = Release|Any CPU
	EndGlobalSection
	GlobalSection(ProjectConfigurationPlatforms) = postSolution
		{1A28AC20-1A39-4D3F-A41A-D018C3DA0121}.Debug|Any CPU.ActiveCfg = Debug|Any CPU
		{1A28AC20-1A39-4D3F-A41A-D018C3DA0121}.Debug|Any CPU.Build.0 = Debug|Any CPU
		{1A28AC20-1A39-4D3F-A41A-D018C3DA0121}.Release|Any CPU.ActiveCfg = Release|Any CPU
		{1A28AC20-1A39-4D3F-A41A-D018C3DA0121}.Release|Any CPU.Build.0 = Release|Any CPU
		{BAB2F867-DFB5-495D-B055-1DB1072BBC78}.Debug|Any CPU.ActiveCfg = Debug|Any CPU
		{BAB2F867-DFB5-495D-B055-1DB1072BBC78}.Debug|Any CPU.Build.0 = Debug|Any CPU
		{BAB2F867-DFB5-495D-B055-1DB1072BBC78}.Release|Any CPU.ActiveCfg = Release|Any CPU
		{BAB2F867-DFB5-495D-B055-1DB1072BBC78}.Release|Any CPU.Build.0 = Release|Any CPU
		{2EDB50DE-5A1A-47D9-B8A0-A659E181F395}.Debug|Any CPU.ActiveCfg = Debug|Any CPU
		{2EDB50DE-5A1A-47D9-B8A0-A659E181F395}.Debug|Any CPU.Build.0 = Debug|Any CPU
		{2EDB50DE-5A1A-47D9-B8A0-A659E181F395}.Release|Any CPU.ActiveCfg = Release|Any CPU
		{2EDB50DE-5A1A-47D9-B8A0-A659E181F395}.Release|Any CPU.Build.0 = Release|Any CPU
		{5339ED84-BA99-42FA-831F-DD17399CCC93}.Debug|Any CPU.ActiveCfg = Debug|Any CPU
		{5339ED84-BA99-42FA-831F-DD17399CCC93}.Debug|Any CPU.Build.0 = Debug|Any CPU
		{5339ED84-BA99-42FA-831F-DD17399CCC93}.Release|Any CPU.ActiveCfg = Release|Any CPU
		{5339ED84-BA99-42FA-831F-DD17399CCC93}.Release|Any CPU.Build.0 = Release|Any CPU
		{68272488-A9E5-4ECB-99B2-E46113B40723}.Debug|Any CPU.ActiveCfg = Debug|Any CPU
		{68272488-A9E5-4ECB-99B2-E46113B40723}.Debug|Any CPU.Build.0 = Debug|Any CPU
		{68272488-A9E5-4ECB-99B2-E46113B40723}.Release|Any CPU.ActiveCfg = Release|Any CPU
		{68272488-A9E5-4ECB-99B2-E46113B40723}.Release|Any CPU.Build.0 = Release|Any CPU
		{1078ABD9-6108-4D8B-8DCD-ECDBBA720D2C}.Debug|Any CPU.ActiveCfg = Debug|Any CPU
		{1078ABD9-6108-4D8B-8DCD-ECDBBA720D2C}.Debug|Any CPU.Build.0 = Debug|Any CPU
		{1078ABD9-6108-4D8B-8DCD-ECDBBA720D2C}.Release|Any CPU.ActiveCfg = Release|Any CPU
		{1078ABD9-6108-4D8B-8DCD-ECDBBA720D2C}.Release|Any CPU.Build.0 = Release|Any CPU
		{3E29C3C1-50C9-4AE6-9B3E-019C1DBF71AF}.Debug|Any CPU.ActiveCfg = Debug|Any CPU
		{3E29C3C1-50C9-4AE6-9B3E-019C1DBF71AF}.Debug|Any CPU.Build.0 = Debug|Any CPU
		{3E29C3C1-50C9-4AE6-9B3E-019C1DBF71AF}.Release|Any CPU.ActiveCfg = Release|Any CPU
		{3E29C3C1-50C9-4AE6-9B3E-019C1DBF71AF}.Release|Any CPU.Build.0 = Release|Any CPU
		{61D654A9-5D0A-4EAF-BEAB-07A0345BD215}.Debug|Any CPU.ActiveCfg = Debug|Any CPU
		{61D654A9-5D0A-4EAF-BEAB-07A0345BD215}.Debug|Any CPU.Build.0 = Debug|Any CPU
		{61D654A9-5D0A-4EAF-BEAB-07A0345BD215}.Release|Any CPU.ActiveCfg = Release|Any CPU
		{61D654A9-5D0A-4EAF-BEAB-07A0345BD215}.Release|Any CPU.Build.0 = Release|Any CPU
		{3A2E637D-7FAB-4E6A-B5EF-847A96A3366C}.Debug|Any CPU.ActiveCfg = Debug|Any CPU
		{3A2E637D-7FAB-4E6A-B5EF-847A96A3366C}.Debug|Any CPU.Build.0 = Debug|Any CPU
		{3A2E637D-7FAB-4E6A-B5EF-847A96A3366C}.Release|Any CPU.ActiveCfg = Release|Any CPU
		{3A2E637D-7FAB-4E6A-B5EF-847A96A3366C}.Release|Any CPU.Build.0 = Release|Any CPU
		{76BD1945-C928-46B3-A530-74D8C8383D40}.Debug|Any CPU.ActiveCfg = Debug|Any CPU
		{76BD1945-C928-46B3-A530-74D8C8383D40}.Debug|Any CPU.Build.0 = Debug|Any CPU
		{76BD1945-C928-46B3-A530-74D8C8383D40}.Release|Any CPU.ActiveCfg = Release|Any CPU
		{76BD1945-C928-46B3-A530-74D8C8383D40}.Release|Any CPU.Build.0 = Release|Any CPU
		{B8CA421A-B135-4B07-8B06-5CB19E09F451}.Debug|Any CPU.ActiveCfg = Debug|Any CPU
		{B8CA421A-B135-4B07-8B06-5CB19E09F451}.Debug|Any CPU.Build.0 = Debug|Any CPU
		{B8CA421A-B135-4B07-8B06-5CB19E09F451}.Release|Any CPU.ActiveCfg = Release|Any CPU
		{B8CA421A-B135-4B07-8B06-5CB19E09F451}.Release|Any CPU.Build.0 = Release|Any CPU
		{909BB18C-8DC6-4E89-991A-66B65A6EEC06}.Debug|Any CPU.ActiveCfg = Debug|Any CPU
		{909BB18C-8DC6-4E89-991A-66B65A6EEC06}.Debug|Any CPU.Build.0 = Debug|Any CPU
		{909BB18C-8DC6-4E89-991A-66B65A6EEC06}.Release|Any CPU.ActiveCfg = Release|Any CPU
		{909BB18C-8DC6-4E89-991A-66B65A6EEC06}.Release|Any CPU.Build.0 = Release|Any CPU
		{6CDEFEFF-180A-4A8F-A66F-17AB45E2B463}.Debug|Any CPU.ActiveCfg = Debug|Any CPU
		{6CDEFEFF-180A-4A8F-A66F-17AB45E2B463}.Debug|Any CPU.Build.0 = Debug|Any CPU
		{6CDEFEFF-180A-4A8F-A66F-17AB45E2B463}.Release|Any CPU.ActiveCfg = Release|Any CPU
		{6CDEFEFF-180A-4A8F-A66F-17AB45E2B463}.Release|Any CPU.Build.0 = Release|Any CPU
		{433A9BBC-5095-482C-9CB2-573EFC5784B5}.Debug|Any CPU.ActiveCfg = Debug|Any CPU
		{433A9BBC-5095-482C-9CB2-573EFC5784B5}.Debug|Any CPU.Build.0 = Debug|Any CPU
		{433A9BBC-5095-482C-9CB2-573EFC5784B5}.Release|Any CPU.ActiveCfg = Release|Any CPU
		{433A9BBC-5095-482C-9CB2-573EFC5784B5}.Release|Any CPU.Build.0 = Release|Any CPU
		{3BEB3239-6E3A-4F98-BF8B-0D6434517F42}.Debug|Any CPU.ActiveCfg = Debug|Any CPU
		{3BEB3239-6E3A-4F98-BF8B-0D6434517F42}.Debug|Any CPU.Build.0 = Debug|Any CPU
		{3BEB3239-6E3A-4F98-BF8B-0D6434517F42}.Release|Any CPU.ActiveCfg = Release|Any CPU
		{3BEB3239-6E3A-4F98-BF8B-0D6434517F42}.Release|Any CPU.Build.0 = Release|Any CPU
		{052BF83F-1FA2-4FB2-9EBE-407CF7D54047}.Debug|Any CPU.ActiveCfg = Debug|Any CPU
		{052BF83F-1FA2-4FB2-9EBE-407CF7D54047}.Debug|Any CPU.Build.0 = Debug|Any CPU
		{052BF83F-1FA2-4FB2-9EBE-407CF7D54047}.Release|Any CPU.ActiveCfg = Release|Any CPU
		{052BF83F-1FA2-4FB2-9EBE-407CF7D54047}.Release|Any CPU.Build.0 = Release|Any CPU
		{520A3A37-C4E4-414A-8709-0063287C9236}.Debug|Any CPU.ActiveCfg = Debug|Any CPU
		{520A3A37-C4E4-414A-8709-0063287C9236}.Debug|Any CPU.Build.0 = Debug|Any CPU
		{520A3A37-C4E4-414A-8709-0063287C9236}.Release|Any CPU.ActiveCfg = Release|Any CPU
		{520A3A37-C4E4-414A-8709-0063287C9236}.Release|Any CPU.Build.0 = Release|Any CPU
		{70BB4337-8B29-4DF2-A635-0C9EECA18AD1}.Debug|Any CPU.ActiveCfg = Debug|Any CPU
		{70BB4337-8B29-4DF2-A635-0C9EECA18AD1}.Debug|Any CPU.Build.0 = Debug|Any CPU
		{70BB4337-8B29-4DF2-A635-0C9EECA18AD1}.Release|Any CPU.ActiveCfg = Release|Any CPU
		{70BB4337-8B29-4DF2-A635-0C9EECA18AD1}.Release|Any CPU.Build.0 = Release|Any CPU
		{BBE1FA3F-A28A-41EA-BB7E-0400B9B66DAA}.Debug|Any CPU.ActiveCfg = Debug|Any CPU
		{BBE1FA3F-A28A-41EA-BB7E-0400B9B66DAA}.Debug|Any CPU.Build.0 = Debug|Any CPU
		{BBE1FA3F-A28A-41EA-BB7E-0400B9B66DAA}.Release|Any CPU.ActiveCfg = Release|Any CPU
		{BBE1FA3F-A28A-41EA-BB7E-0400B9B66DAA}.Release|Any CPU.Build.0 = Release|Any CPU
		{B8A2B210-1F14-446E-8CEF-BCFC87736790}.Debug|Any CPU.ActiveCfg = Debug|Any CPU
		{B8A2B210-1F14-446E-8CEF-BCFC87736790}.Debug|Any CPU.Build.0 = Debug|Any CPU
		{B8A2B210-1F14-446E-8CEF-BCFC87736790}.Release|Any CPU.ActiveCfg = Release|Any CPU
		{B8A2B210-1F14-446E-8CEF-BCFC87736790}.Release|Any CPU.Build.0 = Release|Any CPU
		{A9655A58-DD4E-4ED3-A11E-F02A9CEF24F9}.Debug|Any CPU.ActiveCfg = Debug|Any CPU
		{A9655A58-DD4E-4ED3-A11E-F02A9CEF24F9}.Debug|Any CPU.Build.0 = Debug|Any CPU
		{A9655A58-DD4E-4ED3-A11E-F02A9CEF24F9}.Release|Any CPU.ActiveCfg = Release|Any CPU
		{A9655A58-DD4E-4ED3-A11E-F02A9CEF24F9}.Release|Any CPU.Build.0 = Release|Any CPU
	EndGlobalSection
	GlobalSection(SolutionProperties) = preSolution
		HideSolutionNode = FALSE
	EndGlobalSection
	GlobalSection(NestedProjects) = preSolution
		{1A28AC20-1A39-4D3F-A41A-D018C3DA0121} = {676A66B3-4C69-4E74-9F26-5A54CE2BF4FC}
		{BAB2F867-DFB5-495D-B055-1DB1072BBC78} = {676A66B3-4C69-4E74-9F26-5A54CE2BF4FC}
		{2EDB50DE-5A1A-47D9-B8A0-A659E181F395} = {676A66B3-4C69-4E74-9F26-5A54CE2BF4FC}
		{5339ED84-BA99-42FA-831F-DD17399CCC93} = {F260BCF8-9BB5-4111-9397-5CD9F705C882}
		{68272488-A9E5-4ECB-99B2-E46113B40723} = {F260BCF8-9BB5-4111-9397-5CD9F705C882}
		{1078ABD9-6108-4D8B-8DCD-ECDBBA720D2C} = {F260BCF8-9BB5-4111-9397-5CD9F705C882}
		{3E29C3C1-50C9-4AE6-9B3E-019C1DBF71AF} = {949792BA-FD2B-4E92-AC12-2AB2789A0F04}
		{61D654A9-5D0A-4EAF-BEAB-07A0345BD215} = {949792BA-FD2B-4E92-AC12-2AB2789A0F04}
		{3A2E637D-7FAB-4E6A-B5EF-847A96A3366C} = {949792BA-FD2B-4E92-AC12-2AB2789A0F04}
		{76BD1945-C928-46B3-A530-74D8C8383D40} = {9B685C69-30E8-4F1A-8824-C02304212B25}
		{B8CA421A-B135-4B07-8B06-5CB19E09F451} = {9B685C69-30E8-4F1A-8824-C02304212B25}
		{909BB18C-8DC6-4E89-991A-66B65A6EEC06} = {9B685C69-30E8-4F1A-8824-C02304212B25}
		{6CDEFEFF-180A-4A8F-A66F-17AB45E2B463} = {6CFB98A1-CC4E-4C92-A79F-36E40F07F077}
		{433A9BBC-5095-482C-9CB2-573EFC5784B5} = {6CFB98A1-CC4E-4C92-A79F-36E40F07F077}
		{3BEB3239-6E3A-4F98-BF8B-0D6434517F42} = {6CFB98A1-CC4E-4C92-A79F-36E40F07F077}
		{052BF83F-1FA2-4FB2-9EBE-407CF7D54047} = {A4925D57-779F-4E5F-A0B8-0A2B9D4B5162}
		{520A3A37-C4E4-414A-8709-0063287C9236} = {A4925D57-779F-4E5F-A0B8-0A2B9D4B5162}
		{70BB4337-8B29-4DF2-A635-0C9EECA18AD1} = {A4925D57-779F-4E5F-A0B8-0A2B9D4B5162}
		{BBE1FA3F-A28A-41EA-BB7E-0400B9B66DAA} = {7C38ED41-8465-49A4-AC6F-8335317659CA}
		{B8A2B210-1F14-446E-8CEF-BCFC87736790} = {7C38ED41-8465-49A4-AC6F-8335317659CA}
		{A9655A58-DD4E-4ED3-A11E-F02A9CEF24F9} = {7C38ED41-8465-49A4-AC6F-8335317659CA}
	EndGlobalSection
	GlobalSection(ExtensibilityGlobals) = postSolution
		SolutionGuid = {35D570D7-A201-4EBF-BBC7-55D267DEFD84}
	EndGlobalSection
EndGlobal
